<?xml version="1.0" encoding="utf-8"?>
<Project ToolsVersion="4.0" xmlns="http://schemas.microsoft.com/developer/msbuild/2003">
  <ItemGroup>
    <Filter Include="소스 파일">
      <UniqueIdentifier>{4FC737F1-C7A5-4376-A066-2A32D752A2FF}</UniqueIdentifier>
      <Extensions>cpp;c;cc;cxx;def;odl;idl;hpj;bat;asm;asmx</Extensions>
    </Filter>
    <Filter Include="헤더 파일">
      <UniqueIdentifier>{93995380-89BD-4b04-88EB-625FBE52EBFB}</UniqueIdentifier>
      <Extensions>h;hh;hpp;hxx;hm;inl;inc;xsd</Extensions>
    </Filter>
    <Filter Include="리소스 파일">
      <UniqueIdentifier>{67DA6AB6-F800-4c08-8B7A-83BB121AAD01}</UniqueIdentifier>
      <Extensions>rc;ico;cur;bmp;dlg;rc2;rct;bin;rgs;gif;jpg;jpeg;jpe;resx;tiff;tif;png;wav;mfcribbon-ms</Extensions>
    </Filter>
    <Filter Include="소스 파일\Ship">
      <UniqueIdentifier>{e50eefbd-ab6d-4eec-aa77-4448f3163fab}</UniqueIdentifier>
    </Filter>
    <Filter Include="소스 파일\Player">
      <UniqueIdentifier>{e017e1ed-9129-4159-93c7-61b630bc2ece}</UniqueIdentifier>
    </Filter>
    <Filter Include="헤더 파일\Ship">
      <UniqueIdentifier>{99dc21c5-c295-469b-8e9d-89c1bfa3c528}</UniqueIdentifier>
    </Filter>
    <Filter Include="헤더 파일\Player">
      <UniqueIdentifier>{c63f7477-f0d7-418a-aa35-0c987268828e}</UniqueIdentifier>
    </Filter>
    <Filter Include="헤더 파일\System">
      <UniqueIdentifier>{371074e7-6aa8-4ce9-b928-7baf02d2166c}</UniqueIdentifier>
    </Filter>
    <Filter Include="소스 파일\System">
      <UniqueIdentifier>{52149480-da79-474a-a9ff-4a077028935f}</UniqueIdentifier>
    </Filter>
  </ItemGroup>
  <ItemGroup>
    <Text Include="ReadMe.txt" />
  </ItemGroup>
  <ItemGroup>
    <ClInclude Include="stdafx.h">
      <Filter>헤더 파일</Filter>
    </ClInclude>
    <ClInclude Include="targetver.h">
      <Filter>헤더 파일</Filter>
    </ClInclude>
    <ClInclude Include="common.h">
      <Filter>헤더 파일</Filter>
    </ClInclude>
    <ClInclude Include="Point.h">
      <Filter>헤더 파일</Filter>
    </ClInclude>
    <ClInclude Include="Map.h">
      <Filter>헤더 파일</Filter>
    </ClInclude>
    <ClInclude Include="Tile.h">
      <Filter>헤더 파일</Filter>
    </ClInclude>
    <ClInclude Include="Aircraft.h">
      <Filter>헤더 파일\Ship</Filter>
    </ClInclude>
    <ClInclude Include="Battleship.h">
      <Filter>헤더 파일\Ship</Filter>
    </ClInclude>
    <ClInclude Include="Cruiser.h">
      <Filter>헤더 파일\Ship</Filter>
    </ClInclude>
    <ClInclude Include="Destroyer.h">
      <Filter>헤더 파일\Ship</Filter>
    </ClInclude>
    <ClInclude Include="Ship.h">
      <Filter>헤더 파일\Ship</Filter>
    </ClInclude>
    <ClInclude Include="Player.h">
      <Filter>헤더 파일\Player</Filter>
    </ClInclude>
    <ClInclude Include="AI.h">
      <Filter>헤더 파일\Player</Filter>
    </ClInclude>
    <ClInclude Include="Human.h">
      <Filter>헤더 파일\Player</Filter>
    </ClInclude>
    <ClInclude Include="Utility.h">
      <Filter>헤더 파일</Filter>
    </ClInclude>
    <ClInclude Include="ShipFactory.h">
      <Filter>헤더 파일\System</Filter>
    </ClInclude>
    <ClInclude Include="GameEngine.h">
      <Filter>헤더 파일\System</Filter>
    </ClInclude>
    <ClInclude Include="GameUIMain.h">
      <Filter>헤더 파일\System</Filter>
    </ClInclude>
    <ClInclude Include="ConsoleControl.h">
      <Filter>헤더 파일\System</Filter>
    </ClInclude>
    <ClInclude Include="GameManager.h">
      <Filter>헤더 파일\System</Filter>
    </ClInclude>
    <ClInclude Include="GameUIIngame.h">
      <Filter>헤더 파일\System</Filter>
    </ClInclude>
    <ClInclude Include="Messages.h">
      <Filter>헤더 파일</Filter>
    </ClInclude>
    <ClInclude Include="UDLRRand.h">
      <Filter>헤더 파일</Filter>
    </ClInclude>
  </ItemGroup>
  <ItemGroup>
    <ClCompile Include="stdafx.cpp">
      <Filter>소스 파일</Filter>
    </ClCompile>
    <ClCompile Include="Point.cpp">
      <Filter>소스 파일</Filter>
    </ClCompile>
    <ClCompile Include="Map.cpp">
      <Filter>소스 파일</Filter>
    </ClCompile>
    <ClCompile Include="Tile.cpp">
      <Filter>소스 파일</Filter>
    </ClCompile>
    <ClCompile Include="Aircraft.cpp">
      <Filter>소스 파일\Ship</Filter>
    </ClCompile>
    <ClCompile Include="Battleship.cpp">
      <Filter>소스 파일\Ship</Filter>
    </ClCompile>
    <ClCompile Include="Cruiser.cpp">
      <Filter>소스 파일\Ship</Filter>
    </ClCompile>
    <ClCompile Include="Destroyer.cpp">
      <Filter>소스 파일\Ship</Filter>
    </ClCompile>
    <ClCompile Include="Ship.cpp">
      <Filter>소스 파일\Ship</Filter>
    </ClCompile>
    <ClCompile Include="Player.cpp">
      <Filter>소스 파일\Player</Filter>
    </ClCompile>
    <ClCompile Include="Human.cpp">
      <Filter>소스 파일\Player</Filter>
    </ClCompile>
    <ClCompile Include="AI.cpp">
      <Filter>소스 파일\Player</Filter>
    </ClCompile>
    <ClCompile Include="Utility.cpp">
      <Filter>소스 파일</Filter>
    </ClCompile>
    <ClCompile Include="GameEngine.cpp">
      <Filter>소스 파일\System</Filter>
    </ClCompile>
    <ClCompile Include="ConsoleControl.cpp">
      <Filter>소스 파일\System</Filter>
    </ClCompile>
    <ClCompile Include="BattleShipMain.cpp">
      <Filter>소스 파일</Filter>
    </ClCompile>
    <ClCompile Include="GameUIMain.cpp">
      <Filter>소스 파일\System</Filter>
    </ClCompile>
    <ClCompile Include="ShipFactory.cpp">
      <Filter>소스 파일\System</Filter>
    </ClCompile>
    <ClCompile Include="GameManager.cpp">
      <Filter>소스 파일\System</Filter>
    </ClCompile>
    <ClCompile Include="GameUIIngame.cpp">
      <Filter>소스 파일\System</Filter>
    </ClCompile>
    <ClCompile Include="Messages.cpp">
      <Filter>소스 파일\System</Filter>
    </ClCompile>
    <ClCompile Include="UDLRRand.cpp">
      <Filter>소스 파일</Filter>
    </ClCompile>
  </ItemGroup>
</Project>